
Microsoft Visual Studio Solution File, Format Version 12.00
# Visual Studio Version 16
VisualStudioVersion = 16.0.30804.86
MinimumVisualStudioVersion = 10.0.40219.1
Project("{FAE04EC0-301F-11D3-BF4B-00C04F79EFBC}") = "Mvvm.Android", "Mvvm\Mvvm.Android\Mvvm.Android.csproj", "{8E374062-EB6F-47A8-B628-C02A324B3E85}"
EndProject
Project("{FAE04EC0-301F-11D3-BF4B-00C04F79EFBC}") = "Mvvm", "Mvvm\Mvvm\Mvvm.csproj", "{FCEE32E4-364F-40E3-B793-CCBF9C94DC66}"
EndProject
Global
	GlobalSection(SolutionConfigurationPlatforms) = preSolution
		Debug|Any CPU = Debug|Any CPU
		Release|Any CPU = Release|Any CPU
	EndGlobalSection
	GlobalSection(ProjectConfigurationPlatforms) = postSolution
		{8E374062-EB6F-47A8-B628-C02A324B3E85}.Debug|Any CPU.ActiveCfg = Debug|Any CPU
		{8E374062-EB6F-47A8-B628-C02A324B3E85}.Debug|Any CPU.Build.0 = Debug|Any CPU
		{8E374062-EB6F-47A8-B628-C02A324B3E85}.Debug|Any CPU.Deploy.0 = Debug|Any CPU
		{8E374062-EB6F-47A8-B628-C02A324B3E85}.Release|Any CPU.ActiveCfg = Release|Any CPU
		{8E374062-EB6F-47A8-B628-C02A324B3E85}.Release|Any CPU.Build.0 = Release|Any CPU
		{8E374062-EB6F-47A8-B628-C02A324B3E85}.Release|Any CPU.Deploy.0 = Release|Any CPU
		{FCEE32E4-364F-40E3-B793-CCBF9C94DC66}.Debug|Any CPU.ActiveCfg = Debug|Any CPU
		{FCEE32E4-364F-40E3-B793-CCBF9C94DC66}.Debug|Any CPU.Build.0 = Debug|Any CPU
		{FCEE32E4-364F-40E3-B793-CCBF9C94DC66}.Debug|Any CPU.Deploy.0 = Debug|Any CPU
		{FCEE32E4-364F-40E3-B793-CCBF9C94DC66}.Release|Any CPU.ActiveCfg = Release|Any CPU
		{FCEE32E4-364F-40E3-B793-CCBF9C94DC66}.Release|Any CPU.Build.0 = Release|Any CPU
		{FCEE32E4-364F-40E3-B793-CCBF9C94DC66}.Release|Any CPU.Deploy.0 = Release|Any CPU
	EndGlobalSection
	GlobalSection(SolutionProperties) = preSolution
		HideSolutionNode = FALSE
	EndGlobalSection
	GlobalSection(ExtensibilityGlobals) = postSolution
		SolutionGuid = {590725F6-9514-4418-BD1E-1B095AC4E666}
	EndGlobalSection
EndGlobal
